
Microsoft Visual Studio Solution File, Format Version 12.00
# Visual Studio 2013
VisualStudioVersion = 12.0.21005.1
MinimumVisualStudioVersion = 10.0.40219.1
Project("{8BC9CEB8-8B4A-11D0-8D11-00A0C91BC942}") = "ThinkingCode", "ThinkingCode\ThinkingCode.vcxproj", "{E85AEE20-C5BA-4BEF-8E9B-A4F545C0DFD7}"
EndProject
Global
	GlobalSection(SolutionConfigurationPlatforms) = preSolution
		Debug|Win32 = Debug|Win32
		Debug|x64 = Debug|x64
		Release|Win32 = Release|Win32
		Release|x64 = Release|x64
	EndGlobalSection
	GlobalSection(ProjectConfigurationPlatforms) = postSolution
		{E85AEE20-C5BA-4BEF-8E9B-A4F545C0DFD7}.Debug|Win32.ActiveCfg = Debug|x64
		{E85AEE20-C5BA-4BEF-8E9B-A4F545C0DFD7}.Debug|Win32.Build.0 = Debug|x64
		{E85AEE20-C5BA-4BEF-8E9B-A4F545C0DFD7}.Debug|x64.ActiveCfg = Debug|x64
		{E85AEE20-C5BA-4BEF-8E9B-A4F545C0DFD7}.Debug|x64.Build.0 = Debug|x64
		{E85AEE20-C5BA-4BEF-8E9B-A4F545C0DFD7}.Release|Win32.ActiveCfg = Release|Win32
		{E85AEE20-C5BA-4BEF-8E9B-A4F545C0DFD7}.Release|Win32.Build.0 = Release|Win32
		{E85AEE20-C5BA-4BEF-8E9B-A4F545C0DFD7}.Release|x64.ActiveCfg = Release|x64
		{E85AEE20-C5BA-4BEF-8E9B-A4F545C0DFD7}.Release|x64.Build.0 = Release|x64
	EndGlobalSection
	GlobalSection(SolutionProperties) = preSolution
		HideSolutionNode = FALSE
	EndGlobalSection
EndGlobal
